// !$*UTF8*$!
{
	archiveVersion = 1;
	classes = {
	};
	objectVersion = 77;
	objects = {

/* Begin PBXContainerItemProxy section */
		47D715E52CC5FA0C00F10C95 /* PBXContainerItemProxy */ = {
			isa = PBXContainerItemProxy;
			containerPortal = 47D715CC2CC5FA0A00F10C95 /* Project object */;
			proxyType = 1;
			remoteGlobalIDString = 47D715D32CC5FA0A00F10C95;
			remoteInfo = vrcxbootleg;
		};
		47D715EF2CC5FA0C00F10C95 /* PBXContainerItemProxy */ = {
			isa = PBXContainerItemProxy;
			containerPortal = 47D715CC2CC5FA0A00F10C95 /* Project object */;
			proxyType = 1;
			remoteGlobalIDString = 47D715D32CC5FA0A00F10C95;
			remoteInfo = vrcxbootleg;
		};
/* End PBXContainerItemProxy section */

/* Begin PBXFileReference section */
		47D715D42CC5FA0A00F10C95 /* vrcxbootleg.app */ = {isa = PBXFileReference; explicitFileType = wrapper.application; includeInIndex = 0; path = vrcxbootleg.app; sourceTree = BUILT_PRODUCTS_DIR; };
		47D715E42CC5FA0C00F10C95 /* vrcxbootlegTests.xctest */ = {isa = PBXFileReference; explicitFileType = wrapper.cfbundle; includeInIndex = 0; path = vrcxbootlegTests.xctest; sourceTree = BUILT_PRODUCTS_DIR; };
		47D715EE2CC5FA0C00F10C95 /* vrcxbootlegUITests.xctest */ = {isa = PBXFileReference; explicitFileType = wrapper.cfbundle; includeInIndex = 0; path = vrcxbootlegUITests.xctest; sourceTree = BUILT_PRODUCTS_DIR; };
/* End PBXFileReference section */

/* Begin PBXFileSystemSynchronizedRootGroup section */
		47D715D62CC5FA0A00F10C95 /* vrcxbootleg */ = {
			isa = PBXFileSystemSynchronizedRootGroup;
			path = vrcxbootleg;
			sourceTree = "<group>";
		};
		47D715E72CC5FA0C00F10C95 /* vrcxbootlegTests */ = {
			isa = PBXFileSystemSynchronizedRootGroup;
			path = vrcxbootlegTests;
			sourceTree = "<group>";
		};
		47D715F12CC5FA0C00F10C95 /* vrcxbootlegUITests */ = {
			isa = PBXFileSystemSynchronizedRootGroup;
			path = vrcxbootlegUITests;
			sourceTree = "<group>";
		};
/* End PBXFileSystemSynchronizedRootGroup section */

/* Begin PBXFrameworksBuildPhase section */
		47D715D12CC5FA0A00F10C95 /* Frameworks */ = {
			isa = PBXFrameworksBuildPhase;
			buildActionMask = 2147483647;
			files = (
			);
			runOnlyForDeploymentPostprocessing = 0;
		};
		47D715E12CC5FA0C00F10C95 /* Frameworks */ = {
			isa = PBXFrameworksBuildPhase;
			buildActionMask = 2147483647;
			files = (
			);
			runOnlyForDeploymentPostprocessing = 0;
		};
		47D715EB2CC5FA0C00F10C95 /* Frameworks */ = {
			isa = PBXFrameworksBuildPhase;
			buildActionMask = 2147483647;
			files = (
			);
			runOnlyForDeploymentPostprocessing = 0;
		};
/* End PBXFrameworksBuildPhase section */

/* Begin PBXGroup section */
		47D715CB2CC5FA0A00F10C95 = {
			isa = PBXGroup;
			children = (
				47D715D62CC5FA0A00F10C95 /* vrcxbootleg */,
				47D715E72CC5FA0C00F10C95 /* vrcxbootlegTests */,
				47D715F12CC5FA0C00F10C95 /* vrcxbootlegUITests */,
				47D715D52CC5FA0A00F10C95 /* Products */,
			);
			sourceTree = "<group>";
		};
		47D715D52CC5FA0A00F10C95 /* Products */ = {
			isa = PBXGroup;
			children = (
				47D715D42CC5FA0A00F10C95 /* vrcxbootleg.app */,
				47D715E42CC5FA0C00F10C95 /* vrcxbootlegTests.xctest */,
				47D715EE2CC5FA0C00F10C95 /* vrcxbootlegUITests.xctest */,
			);
			name = Products;
			sourceTree = "<group>";
		};
/* End PBXGroup section */

/* Begin PBXNativeTarget section */
		47D715D32CC5FA0A00F10C95 /* vrcxbootleg */ = {
			isa = PBXNativeTarget;
			buildConfigurationList = 47D715F82CC5FA0C00F10C95 /* Build configuration list for PBXNativeTarget "vrcxbootleg" */;
			buildPhases = (
				47D715D02CC5FA0A00F10C95 /* Sources */,
				47D715D12CC5FA0A00F10C95 /* Frameworks */,
				47D715D22CC5FA0A00F10C95 /* Resources */,
			);
			buildRules = (
			);
			dependencies = (
			);
			fileSystemSynchronizedGroups = (
				47D715D62CC5FA0A00F10C95 /* vrcxbootleg */,
			);
			name = vrcxbootleg;
			packageProductDependencies = (
			);
			productName = vrcxbootleg;
			productReference = 47D715D42CC5FA0A00F10C95 /* vrcxbootleg.app */;
			productType = "com.apple.product-type.application";
		};
		47D715E32CC5FA0C00F10C95 /* vrcxbootlegTests */ = {
			isa = PBXNativeTarget;
			buildConfigurationList = 47D715FB2CC5FA0C00F10C95 /* Build configuration list for PBXNativeTarget "vrcxbootlegTests" */;
			buildPhases = (
				47D715E02CC5FA0C00F10C95 /* Sources */,
				47D715E12CC5FA0C00F10C95 /* Frameworks */,
				47D715E22CC5FA0C00F10C95 /* Resources */,
			);
			buildRules = (
			);
			dependencies = (
				47D715E62CC5FA0C00F10C95 /* PBXTargetDependency */,
			);
			fileSystemSynchronizedGroups = (
				47D715E72CC5FA0C00F10C95 /* vrcxbootlegTests */,
			);
			name = vrcxbootlegTests;
			packageProductDependencies = (
			);
			productName = vrcxbootlegTests;
			productReference = 47D715E42CC5FA0C00F10C95 /* vrcxbootlegTests.xctest */;
			productType = "com.apple.product-type.bundle.unit-test";
		};
		47D715ED2CC5FA0C00F10C95 /* vrcxbootlegUITests */ = {
			isa = PBXNativeTarget;
			buildConfigurationList = 47D715FE2CC5FA0C00F10C95 /* Build configuration list for PBXNativeTarget "vrcxbootlegUITests" */;
			buildPhases = (
				47D715EA2CC5FA0C00F10C95 /* Sources */,
				47D715EB2CC5FA0C00F10C95 /* Frameworks */,
				47D715EC2CC5FA0C00F10C95 /* Resources */,
			);
			buildRules = (
			);
			dependencies = (
				47D715F02CC5FA0C00F10C95 /* PBXTargetDependency */,
			);
			fileSystemSynchronizedGroups = (
				47D715F12CC5FA0C00F10C95 /* vrcxbootlegUITests */,
			);
			name = vrcxbootlegUITests;
			packageProductDependencies = (
			);
			productName = vrcxbootlegUITests;
			productReference = 47D715EE2CC5FA0C00F10C95 /* vrcxbootlegUITests.xctest */;
			productType = "com.apple.product-type.bundle.ui-testing";
		};
/* End PBXNativeTarget section */

/* Begin PBXProject section */
		47D715CC2CC5FA0A00F10C95 /* Project object */ = {
			isa = PBXProject;
			attributes = {
				BuildIndependentTargetsInParallel = 1;
				LastSwiftUpdateCheck = 1600;
				LastUpgradeCheck = 1600;
				TargetAttributes = {
					47D715D32CC5FA0A00F10C95 = {
						CreatedOnToolsVersion = 16.0;
					};
					47D715E32CC5FA0C00F10C95 = {
						CreatedOnToolsVersion = 16.0;
						TestTargetID = 47D715D32CC5FA0A00F10C95;
					};
					47D715ED2CC5FA0C00F10C95 = {
						CreatedOnToolsVersion = 16.0;
						TestTargetID = 47D715D32CC5FA0A00F10C95;
					};
				};
			};
			buildConfigurationList = 47D715CF2CC5FA0A00F10C95 /* Build configuration list for PBXProject "vrcxbootleg" */;
			developmentRegion = en;
			hasScannedForEncodings = 0;
			knownRegions = (
				en,
				Base,
			);
			mainGroup = 47D715CB2CC5FA0A00F10C95;
			minimizedProjectReferenceProxies = 1;
			preferredProjectObjectVersion = 77;
			productRefGroup = 47D715D52CC5FA0A00F10C95 /* Products */;
			projectDirPath = "";
			projectRoot = "";
			targets = (
				47D715D32CC5FA0A00F10C95 /* vrcxbootleg */,
				47D715E32CC5FA0C00F10C95 /* vrcxbootlegTests */,
				47D715ED2CC5FA0C00F10C95 /* vrcxbootlegUITests */,
			);
		};
/* End PBXProject section */

/* Begin PBXResourcesBuildPhase section */
		47D715D22CC5FA0A00F10C95 /* Resources */ = {
			isa = PBXResourcesBuildPhase;
			buildActionMask = 2147483647;
			files = (
			);
			runOnlyForDeploymentPostprocessing = 0;
		};
		47D715E22CC5FA0C00F10C95 /* Resources */ = {
			isa = PBXResourcesBuildPhase;
			buildActionMask = 2147483647;
			files = (
			);
			runOnlyForDeploymentPostprocessing = 0;
		};
		47D715EC2CC5FA0C00F10C95 /* Resources */ = {
			isa = PBXResourcesBuildPhase;
			buildActionMask = 2147483647;
			files = (
			);
			runOnlyForDeploymentPostprocessing = 0;
		};
/* End PBXResourcesBuildPhase section */

/* Begin PBXSourcesBuildPhase section */
		47D715D02CC5FA0A00F10C95 /* Sources */ = {
			isa = PBXSourcesBuildPhase;
			buildActionMask = 2147483647;
			files = (
			);
			runOnlyForDeploymentPostprocessing = 0;
		};
		47D715E02CC5FA0C00F10C95 /* Sources */ = {
			isa = PBXSourcesBuildPhase;
			buildActionMask = 2147483647;
			files = (
			);
			runOnlyForDeploymentPostprocessing = 0;
		};
		47D715EA2CC5FA0C00F10C95 /* Sources */ = {
			isa = PBXSourcesBuildPhase;
			buildActionMask = 2147483647;
			files = (
			);
			runOnlyForDeploymentPostprocessing = 0;
		};
/* End PBXSourcesBuildPhase section */

/* Begin PBXTargetDependency section */
		47D715E62CC5FA0C00F10C95 /* PBXTargetDependency */ = {
			isa = PBXTargetDependency;
			target = 47D715D32CC5FA0A00F10C95 /* vrcxbootleg */;
			targetProxy = 47D715E52CC5FA0C00F10C95 /* PBXContainerItemProxy */;
		};
		47D715F02CC5FA0C00F10C95 /* PBXTargetDependency */ = {
			isa = PBXTargetDependency;
			target = 47D715D32CC5FA0A00F10C95 /* vrcxbootleg */;
			targetProxy = 47D715EF2CC5FA0C00F10C95 /* PBXContainerItemProxy */;
		};
/* End PBXTargetDependency section */

/* Begin XCBuildConfiguration section */
		47D715F62CC5FA0C00F10C95 /* Debug */ = {
			isa = XCBuildConfiguration;
			buildSettings = {
				ALWAYS_SEARCH_USER_PATHS = NO;
				ASSETCATALOG_COMPILER_GENERATE_SWIFT_ASSET_SYMBOL_EXTENSIONS = YES;
				CLANG_ANALYZER_NONNULL = YES;
				CLANG_ANALYZER_NUMBER_OBJECT_CONVERSION = YES_AGGRESSIVE;
				CLANG_CXX_LANGUAGE_STANDARD = "gnu++20";
				CLANG_ENABLE_MODULES = YES;
				CLANG_ENABLE_OBJC_ARC = YES;
				CLANG_ENABLE_OBJC_WEAK = YES;
				CLANG_WARN_BLOCK_CAPTURE_AUTORELEASING = YES;
				CLANG_WARN_BOOL_CONVERSION = YES;
				CLANG_WARN_COMMA = YES;
				CLANG_WARN_CONSTANT_CONVERSION = YES;
				CLANG_WARN_DEPRECATED_OBJC_IMPLEMENTATIONS = YES;
				CLANG_WARN_DIRECT_OBJC_ISA_USAGE = YES_ERROR;
				CLANG_WARN_DOCUMENTATION_COMMENTS = YES;
				CLANG_WARN_EMPTY_BODY = YES;
				CLANG_WARN_ENUM_CONVERSION = YES;
				CLANG_WARN_INFINITE_RECURSION = YES;
				CLANG_WARN_INT_CONVERSION = YES;
				CLANG_WARN_NON_LITERAL_NULL_CONVERSION = YES;
				CLANG_WARN_OBJC_IMPLICIT_RETAIN_SELF = YES;
				CLANG_WARN_OBJC_LITERAL_CONVERSION = YES;
				CLANG_WARN_OBJC_ROOT_CLASS = YES_ERROR;
				CLANG_WARN_QUOTED_INCLUDE_IN_FRAMEWORK_HEADER = YES;
				CLANG_WARN_RANGE_LOOP_ANALYSIS = YES;
				CLANG_WARN_STRICT_PROTOTYPES = YES;
				CLANG_WARN_SUSPICIOUS_MOVE = YES;
				CLANG_WARN_UNGUARDED_AVAILABILITY = YES_AGGRESSIVE;
				CLANG_WARN_UNREACHABLE_CODE = YES;
				CLANG_WARN__DUPLICATE_METHOD_MATCH = YES;
				COPY_PHASE_STRIP = NO;
				DEBUG_INFORMATION_FORMAT = dwarf;
				ENABLE_STRICT_OBJC_MSGSEND = YES;
				ENABLE_TESTABILITY = YES;
				ENABLE_USER_SCRIPT_SANDBOXING = YES;
				GCC_C_LANGUAGE_STANDARD = gnu17;
				GCC_DYNAMIC_NO_PIC = NO;
				GCC_NO_COMMON_BLOCKS = YES;
				GCC_OPTIMIZATION_LEVEL = 0;
				GCC_PREPROCESSOR_DEFINITIONS = (
					"DEBUG=1",
					"$(inherited)",
				);
				GCC_WARN_64_TO_32_BIT_CONVERSION = YES;
				GCC_WARN_ABOUT_RETURN_TYPE = YES_ERROR;
				GCC_WARN_UNDECLARED_SELECTOR = YES;
				GCC_WARN_UNINITIALIZED_AUTOS = YES_AGGRESSIVE;
				GCC_WARN_UNUSED_FUNCTION = YES;
				GCC_WARN_UNUSED_VARIABLE = YES;
				IPHONEOS_DEPLOYMENT_TARGET = 18.0;
				LOCALIZATION_PREFERS_STRING_CATALOGS = YES;
				MTL_ENABLE_DEBUG_INFO = INCLUDE_SOURCE;
				MTL_FAST_MATH = YES;
				ONLY_ACTIVE_ARCH = YES;
				SDKROOT = iphoneos;
				SWIFT_ACTIVE_COMPILATION_CONDITIONS = "DEBUG $(inherited)";
				SWIFT_OPTIMIZATION_LEVEL = "-Onone";
			};
			name = Debug;
		};
		47D715F72CC5FA0C00F10C95 /* Release */ = {
			isa = XCBuildConfiguration;
			buildSettings = {
				ALWAYS_SEARCH_USER_PATHS = NO;
				ASSETCATALOG_COMPILER_GENERATE_SWIFT_ASSET_SYMBOL_EXTENSIONS = YES;
				CLANG_ANALYZER_NONNULL = YES;
				CLANG_ANALYZER_NUMBER_OBJECT_CONVERSION = YES_AGGRESSIVE;
				CLANG_CXX_LANGUAGE_STANDARD = "gnu++20";
				CLANG_ENABLE_MODULES = YES;
				CLANG_ENABLE_OBJC_ARC = YES;
				CLANG_ENABLE_OBJC_WEAK = YES;
				CLANG_WARN_BLOCK_CAPTURE_AUTORELEASING = YES;
				CLANG_WARN_BOOL_CONVERSION = YES;
				CLANG_WARN_COMMA = YES;
				CLANG_WARN_CONSTANT_CONVERSION = YES;
				CLANG_WARN_DEPRECATED_OBJC_IMPLEMENTATIONS = YES;
				CLANG_WARN_DIRECT_OBJC_ISA_USAGE = YES_ERROR;
				CLANG_WARN_DOCUMENTATION_COMMENTS = YES;
				CLANG_WARN_EMPTY_BODY = YES;
				CLANG_WARN_ENUM_CONVERSION = YES;
				CLANG_WARN_INFINITE_RECURSION = YES;
				CLANG_WARN_INT_CONVERSION = YES;
				CLANG_WARN_NON_LITERAL_NULL_CONVERSION = YES;
				CLANG_WARN_OBJC_IMPLICIT_RETAIN_SELF = YES;
				CLANG_WARN_OBJC_LITERAL_CONVERSION = YES;
				CLANG_WARN_OBJC_ROOT_CLASS = YES_ERROR;
				CLANG_WARN_QUOTED_INCLUDE_IN_FRAMEWORK_HEADER = YES;
				CLANG_WARN_RANGE_LOOP_ANALYSIS = YES;
				CLANG_WARN_STRICT_PROTOTYPES = YES;
				CLANG_WARN_SUSPICIOUS_MOVE = YES;
				CLANG_WARN_UNGUARDED_AVAILABILITY = YES_AGGRESSIVE;
				CLANG_WARN_UNREACHABLE_CODE = YES;
				CLANG_WARN__DUPLICATE_METHOD_MATCH = YES;
				COPY_PHASE_STRIP = NO;
				DEBUG_INFORMATION_FORMAT = "dwarf-with-dsym";
				ENABLE_NS_ASSERTIONS = NO;
				ENABLE_STRICT_OBJC_MSGSEND = YES;
				ENABLE_USER_SCRIPT_SANDBOXING = YES;
				GCC_C_LANGUAGE_STANDARD = gnu17;
				GCC_NO_COMMON_BLOCKS = YES;
				GCC_WARN_64_TO_32_BIT_CONVERSION = YES;
				GCC_WARN_ABOUT_RETURN_TYPE = YES_ERROR;
				GCC_WARN_UNDECLARED_SELECTOR = YES;
				GCC_WARN_UNINITIALIZED_AUTOS = YES_AGGRESSIVE;
				GCC_WARN_UNUSED_FUNCTION = YES;
				GCC_WARN_UNUSED_VARIABLE = YES;
				IPHONEOS_DEPLOYMENT_TARGET = 18.0;
				LOCALIZATION_PREFERS_STRING_CATALOGS = YES;
				MTL_ENABLE_DEBUG_INFO = NO;
				MTL_FAST_MATH = YES;
				SDKROOT = iphoneos;
				SWIFT_COMPILATION_MODE = wholemodule;
				VALIDATE_PRODUCT = YES;
			};
			name = Release;
		};
		47D715F92CC5FA0C00F10C95 /* Debug */ = {
			isa = XCBuildConfiguration;
			buildSettings = {
				ASSETCATALOG_COMPILER_APPICON_NAME = AppIcon;
				ASSETCATALOG_COMPILER_GLOBAL_ACCENT_COLOR_NAME = AccentColor;
				CODE_SIGN_STYLE = Automatic;
				CURRENT_PROJECT_VERSION = 1;
				DEVELOPMENT_ASSET_PATHS = "\"vrcxbootleg/Preview Content\"";
				DEVELOPMENT_TEAM = RW9LM9Q2X6;
				ENABLE_PREVIEWS = YES;
				GENERATE_INFOPLIST_FILE = YES;
				INFOPLIST_KEY_UIApplicationSceneManifest_Generation = YES;
				INFOPLIST_KEY_UIApplicationSupportsIndirectInputEvents = YES;
				INFOPLIST_KEY_UILaunchScreen_Generation = YES;
				INFOPLIST_KEY_UISupportedInterfaceOrientations_iPad = "UIInterfaceOrientationPortrait UIInterfaceOrientationPortraitUpsideDown UIInterfaceOrientationLandscapeLeft UIInterfaceOrientationLandscapeRight";
				INFOPLIST_KEY_UISupportedInterfaceOrientations_iPhone = "UIInterfaceOrientationPortrait UIInterfaceOrientationLandscapeLeft UIInterfaceOrientationLandscapeRight";
				LD_RUNPATH_SEARCH_PATHS = (
					"$(inherited)",
					"@executable_path/Frameworks",
				);
				MARKETING_VERSION = 1.0;
				PRODUCT_BUNDLE_IDENTIFIER = fubuny.vrcxbootleg;
				PRODUCT_NAME = "$(TARGET_NAME)";
				SWIFT_EMIT_LOC_STRINGS = YES;
				SWIFT_VERSION = 5.0;
				TARGETED_DEVICE_FAMILY = "1,2";
			};
			name = Debug;
		};
		47D715FA2CC5FA0C00F10C95 /* Release */ = {
			isa = XCBuildConfiguration;
			buildSettings = {
				ASSETCATALOG_COMPILER_APPICON_NAME = AppIcon;
				ASSETCATALOG_COMPILER_GLOBAL_ACCENT_COLOR_NAME = AccentColor;
				CODE_SIGN_STYLE = Automatic;
				CURRENT_PROJECT_VERSION = 1;
				DEVELOPMENT_ASSET_PATHS = "\"vrcxbootleg/Preview Content\"";
				DEVELOPMENT_TEAM = RW9LM9Q2X6;
				ENABLE_PREVIEWS = YES;
				GENERATE_INFOPLIST_FILE = YES;
				INFOPLIST_KEY_UIApplicationSceneManifest_Generation = YES;
				INFOPLIST_KEY_UIApplicationSupportsIndirectInputEvents = YES;
				INFOPLIST_KEY_UILaunchScreen_Generation = YES;
				INFOPLIST_KEY_UISupportedInterfaceOrientations_iPad = "UIInterfaceOrientationPortrait UIInterfaceOrientationPortraitUpsideDown UIInterfaceOrientationLandscapeLeft UIInterfaceOrientationLandscapeRight";
				INFOPLIST_KEY_UISupportedInterfaceOrientations_iPhone = "UIInterfaceOrientationPortrait UIInterfaceOrientationLandscapeLeft UIInterfaceOrientationLandscapeRight";
				LD_RUNPATH_SEARCH_PATHS = (
					"$(inherited)",
					"@executable_path/Frameworks",
				);
				MARKETING_VERSION = 1.0;
				PRODUCT_BUNDLE_IDENTIFIER = fubuny.vrcxbootleg;
				PRODUCT_NAME = "$(TARGET_NAME)";
				SWIFT_EMIT_LOC_STRINGS = YES;
				SWIFT_VERSION = 5.0;
				TARGETED_DEVICE_FAMILY = "1,2";
			};
			name = Release;
		};
		47D715FC2CC5FA0C00F10C95 /* Debug */ = {
			isa = XCBuildConfiguration;
			buildSettings = {
				BUNDLE_LOADER = "$(TEST_HOST)";
				CODE_SIGN_STYLE = Automatic;
				CURRENT_PROJECT_VERSION = 1;
				DEVELOPMENT_TEAM = RW9LM9Q2X6;
				GENERATE_INFOPLIST_FILE = YES;
				IPHONEOS_DEPLOYMENT_TARGET = 18.0;
				MARKETING_VERSION = 1.0;
				PRODUCT_BUNDLE_IDENTIFIER = fubuny.vrcxbootlegTests;
				PRODUCT_NAME = "$(TARGET_NAME)";
				SWIFT_EMIT_LOC_STRINGS = NO;
				SWIFT_VERSION = 5.0;
				TARGETED_DEVICE_FAMILY = "1,2";
				TEST_HOST = "$(BUILT_PRODUCTS_DIR)/vrcxbootleg.app/$(BUNDLE_EXECUTABLE_FOLDER_PATH)/vrcxbootleg";
			};
			name = Debug;
		};
		47D715FD2CC5FA0C00F10C95 /* Release */ = {
			isa = XCBuildConfiguration;
			buildSettings = {
				BUNDLE_LOADER = "$(TEST_HOST)";
				CODE_SIGN_STYLE = Automatic;
				CURRENT_PROJECT_VERSION = 1;
				DEVELOPMENT_TEAM = RW9LM9Q2X6;
				GENERATE_INFOPLIST_FILE = YES;
				IPHONEOS_DEPLOYMENT_TARGET = 18.0;
				MARKETING_VERSION = 1.0;
				PRODUCT_BUNDLE_IDENTIFIER = fubuny.vrcxbootlegTests;
				PRODUCT_NAME = "$(TARGET_NAME)";
				SWIFT_EMIT_LOC_STRINGS = NO;
				SWIFT_VERSION = 5.0;
				TARGETED_DEVICE_FAMILY = "1,2";
				TEST_HOST = "$(BUILT_PRODUCTS_DIR)/vrcxbootleg.app/$(BUNDLE_EXECUTABLE_FOLDER_PATH)/vrcxbootleg";
			};
			name = Release;
		};
		47D715FF2CC5FA0C00F10C95 /* Debug */ = {
			isa = XCBuildConfiguration;
			buildSettings = {
				CODE_SIGN_STYLE = Automatic;
				CURRENT_PROJECT_VERSION = 1;
				DEVELOPMENT_TEAM = RW9LM9Q2X6;
				GENERATE_INFOPLIST_FILE = YES;
				MARKETING_VERSION = 1.0;
				PRODUCT_BUNDLE_IDENTIFIER = fubuny.vrcxbootlegUITests;
				PRODUCT_NAME = "$(TARGET_NAME)";
				SWIFT_EMIT_LOC_STRINGS = NO;
				SWIFT_VERSION = 5.0;
				TARGETED_DEVICE_FAMILY = "1,2";
				TEST_TARGET_NAME = vrcxbootleg;
			};
			name = Debug;
		};
		47D716002CC5FA0C00F10C95 /* Release */ = {
			isa = XCBuildConfiguration;
			buildSettings = {
				CODE_SIGN_STYLE = Automatic;
				CURRENT_PROJECT_VERSION = 1;
				DEVELOPMENT_TEAM = RW9LM9Q2X6;
				GENERATE_INFOPLIST_FILE = YES;
				MARKETING_VERSION = 1.0;
				PRODUCT_BUNDLE_IDENTIFIER = fubuny.vrcxbootlegUITests;
				PRODUCT_NAME = "$(TARGET_NAME)";
				SWIFT_EMIT_LOC_STRINGS = NO;
				SWIFT_VERSION = 5.0;
				TARGETED_DEVICE_FAMILY = "1,2";
				TEST_TARGET_NAME = vrcxbootleg;
			};
			name = Release;
		};
/* End XCBuildConfiguration section */

/* Begin XCConfigurationList section */
		47D715CF2CC5FA0A00F10C95 /* Build configuration list for PBXProject "vrcxbootleg" */ = {
			isa = XCConfigurationList;
			buildConfigurations = (
				47D715F62CC5FA0C00F10C95 /* Debug */,
				47D715F72CC5FA0C00F10C95 /* Release */,
			);
			defaultConfigurationIsVisible = 0;
			defaultConfigurationName = Release;
		};
		47D715F82CC5FA0C00F10C95 /* Build configuration list for PBXNativeTarget "vrcxbootleg" */ = {
			isa = XCConfigurationList;
			buildConfigurations = (
				47D715F92CC5FA0C00F10C95 /* Debug */,
				47D715FA2CC5FA0C00F10C95 /* Release */,
			);
			defaultConfigurationIsVisible = 0;
			defaultConfigurationName = Release;
		};
		47D715FB2CC5FA0C00F10C95 /* Build configuration list for PBXNativeTarget "vrcxbootlegTests" */ = {
			isa = XCConfigurationList;
			buildConfigurations = (
				47D715FC2CC5FA0C00F10C95 /* Debug */,
				47D715FD2CC5FA0C00F10C95 /* Release */,
			);
			defaultConfigurationIsVisible = 0;
			defaultConfigurationName = Release;
		};
		47D715FE2CC5FA0C00F10C95 /* Build configuration list for PBXNativeTarget "vrcxbootlegUITests" */ = {
			isa = XCConfigurationList;
			buildConfigurations = (
				47D715FF2CC5FA0C00F10C95 /* Debug */,
				47D716002CC5FA0C00F10C95 /* Release */,
			);
			defaultConfigurationIsVisible = 0;
			defaultConfigurationName = Release;
		};
/* End XCConfigurationList section */
	};
	rootObject = 47D715CC2CC5FA0A00F10C95 /* Project object */;
}
